
Microsoft Visual Studio Solution File, Format Version 12.00
# Visual Studio Version 16
VisualStudioVersion = 16.0.32802.440
MinimumVisualStudioVersion = 10.0.40219.1
Project("{FAE04EC0-301F-11D3-BF4B-00C04F79EFBC}") = "TestProject19", "TestProject19.csproj", "{EA00051F-9A08-4B22-83DE-2C17E1BA37ED}"
EndProject
Global
	GlobalSection(SolutionConfigurationPlatforms) = preSolution
		Debug|Any CPU = Debug|Any CPU
		Release|Any CPU = Release|Any CPU
	EndGlobalSection
	GlobalSection(ProjectConfigurationPlatforms) = postSolution
		{EA00051F-9A08-4B22-83DE-2C17E1BA37ED}.Debug|Any CPU.ActiveCfg = Debug|Any CPU
		{EA00051F-9A08-4B22-83DE-2C17E1BA37ED}.Debug|Any CPU.Build.0 = Debug|Any CPU
		{EA00051F-9A08-4B22-83DE-2C17E1BA37ED}.Release|Any CPU.ActiveCfg = Release|Any CPU
		{EA00051F-9A08-4B22-83DE-2C17E1BA37ED}.Release|Any CPU.Build.0 = Release|Any CPU
	EndGlobalSection
	GlobalSection(SolutionProperties) = preSolution
		HideSolutionNode = FALSE
	EndGlobalSection
	GlobalSection(ExtensibilityGlobals) = postSolution
		SolutionGuid = {CD1E4B80-8E5F-4AF7-AA9B-BB38489E2ABD}
	EndGlobalSection
EndGlobal
